
Microsoft Visual Studio Solution File, Format Version 12.00
# Visual Studio 15
VisualStudioVersion = 15.0.28307.489
MinimumVisualStudioVersion = 10.0.40219.1
Project("{FAE04EC0-301F-11D3-BF4B-00C04F79EFBC}") = "DataAndAlgorithm", "DataStrcutureAlgorithm\DataAndAlgorithm.csproj", "{985B3FFD-5A8B-4521-ACD7-46919E4A32DC}"
EndProject
Project("{FAE04EC0-301F-11D3-BF4B-00C04F79EFBC}") = "DataStrcutureAlgorithm.UnitTest", "DataStrcutureAlgorithm.UnitTest\DataStrcutureAlgorithm.UnitTest.csproj", "{C6E3EA5D-83D1-4600-802C-A032B95A92F1}"
EndProject
Global
	GlobalSection(SolutionConfigurationPlatforms) = preSolution
		Debug|Any CPU = Debug|Any CPU
		Release|Any CPU = Release|Any CPU
	EndGlobalSection
	GlobalSection(ProjectConfigurationPlatforms) = postSolution
		{985B3FFD-5A8B-4521-ACD7-46919E4A32DC}.Debug|Any CPU.ActiveCfg = Debug|Any CPU
		{985B3FFD-5A8B-4521-ACD7-46919E4A32DC}.Debug|Any CPU.Build.0 = Debug|Any CPU
		{985B3FFD-5A8B-4521-ACD7-46919E4A32DC}.Release|Any CPU.ActiveCfg = Release|Any CPU
		{985B3FFD-5A8B-4521-ACD7-46919E4A32DC}.Release|Any CPU.Build.0 = Release|Any CPU
		{C6E3EA5D-83D1-4600-802C-A032B95A92F1}.Debug|Any CPU.ActiveCfg = Debug|Any CPU
		{C6E3EA5D-83D1-4600-802C-A032B95A92F1}.Debug|Any CPU.Build.0 = Debug|Any CPU
		{C6E3EA5D-83D1-4600-802C-A032B95A92F1}.Release|Any CPU.ActiveCfg = Release|Any CPU
		{C6E3EA5D-83D1-4600-802C-A032B95A92F1}.Release|Any CPU.Build.0 = Release|Any CPU
	EndGlobalSection
	GlobalSection(SolutionProperties) = preSolution
		HideSolutionNode = FALSE
	EndGlobalSection
	GlobalSection(ExtensibilityGlobals) = postSolution
		SolutionGuid = {CAD7F925-9ADA-49E7-BC43-E85DF7AE461E}
	EndGlobalSection
EndGlobal
